<?xml version="1.0" encoding="utf-8"?>
<Project ToolsVersion="4.0" xmlns="http://schemas.microsoft.com/developer/msbuild/2003">
  <ItemGroup>
    <ClCompile Include="Source\SceneFactory.cpp" />
    <ClCompile Include="Library\App.cpp">
      <Filter>Library</Filter>
    </ClCompile>
    <ClCompile Include="Library\main.cpp">
      <Filter>Library</Filter>
    </ClCompile>
    <ClCompile Include="Source\BootScene.cpp">
      <Filter>BootScene</Filter>
    </ClCompile>
    <ClCompile Include="Source\TitleScene.cpp">
      <Filter>TitleScene</Filter>
    </ClCompile>
    <ClCompile Include="Library\ObjectManager.cpp">
      <Filter>Library</Filter>
    </ClCompile>
    <ClCompile Include="Library\SceneManager.cpp">
      <Filter>Library</Filter>
    </ClCompile>
    <ClCompile Include="Library\Time.cpp">
      <Filter>Library</Filter>
    </ClCompile>
    <ClCompile Include="Library\Object3D.cpp">
      <Filter>Library</Filter>
    </ClCompile>
    <ClCompile Include="Source\PlayScene\PlayScene.cpp">
      <Filter>PlayScene</Filter>
    </ClCompile>
    <ClCompile Include="Source\PlayScene\Map\Stage.cpp">
      <Filter>PlayScene\Map</Filter>
    </ClCompile>
    <ClCompile Include="Source\PlayScene\Map\StageObject.cpp">
      <Filter>PlayScene\Map</Filter>
    </ClCompile>
    <ClCompile Include="Library\csvReader.cpp">
      <Filter>Library</Filter>
    </ClCompile>
    <ClCompile Include="Library\Input.cpp">
      <Filter>Library</Filter>
    </ClCompile>
    <ClCompile Include="Source\PlayScene\Development\Axis.cpp">
      <Filter>PlayScene\Development</Filter>
    </ClCompile>
    <ClCompile Include="Library\Shadow.cpp">
      <Filter>Library</Filter>
    </ClCompile>
    <ClCompile Include="Source\Sound.cpp" />
    <ClCompile Include="Source\PlayScene\Actor\Player\Camera.cpp">
      <Filter>PlayScene\Actor\Player</Filter>
    </ClCompile>
    <ClCompile Include="Source\PlayScene\Actor\Player\Player.cpp">
      <Filter>PlayScene\Actor\Player</Filter>
    </ClCompile>
    <ClCompile Include="Source\PlayScene\Actor\Gun\Effect.cpp">
      <Filter>PlayScene\Actor\Gun</Filter>
    </ClCompile>
    <ClCompile Include="Source\PlayScene\Actor\Gun\Gun.cpp">
      <Filter>PlayScene\Actor\Gun</Filter>
    </ClCompile>
    <ClCompile Include="Source\PlayScene\Actor\Enemy\Enemy.cpp">
      <Filter>PlayScene\Actor\Enemy</Filter>
    </ClCompile>
    <ClCompile Include="Source\PlayScene\Actor\Actor.cpp">
      <Filter>PlayScene\Actor</Filter>
    </ClCompile>
    <ClCompile Include="Library\Light.cpp">
      <Filter>Library</Filter>
    </ClCompile>
    <ClCompile Include="Source\PlayScene\GameMaster.cpp">
      <Filter>PlayScene</Filter>
    </ClCompile>
    <ClCompile Include="Source\PlayScene\Map\Area.cpp">
      <Filter>PlayScene\Map</Filter>
    </ClCompile>
    <ClCompile Include="Source\ResultScene\ResultScene.cpp">
      <Filter>ResultScene</Filter>
    </ClCompile>
    <ClCompile Include="Source\ResultScene\Observer.cpp">
      <Filter>ResultScene</Filter>
    </ClCompile>
    <ClCompile Include="Source\ResultScene\Result.cpp">
      <Filter>ResultScene</Filter>
    </ClCompile>
    <ClCompile Include="Source\PlayScene\Actor\HP.cpp">
      <Filter>PlayScene\Actor</Filter>
    </ClCompile>
    <ClCompile Include="Library\Object2D.cpp">
      <Filter>Library</Filter>
    </ClCompile>
    <ClCompile Include="Source\PlayScene\Map\DestructibleObject.cpp">
      <Filter>PlayScene\Map</Filter>
    </ClCompile>
    <ClCompile Include="Library\Animator.cpp">
      <Filter>Library</Filter>
    </ClCompile>
  </ItemGroup>
  <ItemGroup>
    <ClInclude Include="Source\Screen.h" />
    <ClInclude Include="Source\SceneFactory.h" />
    <ClInclude Include="Library\App.h">
      <Filter>Library</Filter>
    </ClInclude>
    <ClInclude Include="Library\SceneBase.h">
      <Filter>Library</Filter>
    </ClInclude>
    <ClInclude Include="Library\GameObject.h">
      <Filter>Library</Filter>
    </ClInclude>
    <ClInclude Include="Source\BootScene.h">
      <Filter>BootScene</Filter>
    </ClInclude>
    <ClInclude Include="Source\TitleScene.h">
      <Filter>TitleScene</Filter>
    </ClInclude>
    <ClInclude Include="Library\ObjectManager.h">
      <Filter>Library</Filter>
    </ClInclude>
    <ClInclude Include="Library\SceneManager.h">
      <Filter>Library</Filter>
    </ClInclude>
    <ClInclude Include="Library\Time.h">
      <Filter>Library</Filter>
    </ClInclude>
    <ClInclude Include="Library\myDxLib.h">
      <Filter>Library</Filter>
    </ClInclude>
    <ClInclude Include="Library\Object3D.h">
      <Filter>Library</Filter>
    </ClInclude>
    <ClInclude Include="Source\PlayScene\PlayScene.h">
      <Filter>PlayScene</Filter>
    </ClInclude>
    <ClInclude Include="Source\PlayScene\Map\Stage.h">
      <Filter>PlayScene\Map</Filter>
    </ClInclude>
    <ClInclude Include="Source\PlayScene\Map\StageObject.h">
      <Filter>PlayScene\Map</Filter>
    </ClInclude>
    <ClInclude Include="Library\CsvReader.h">
      <Filter>Library</Filter>
    </ClInclude>
    <ClInclude Include="Library\Input.h">
      <Filter>Library</Filter>
    </ClInclude>
    <ClInclude Include="Source\PlayScene\Development\Axis.h">
      <Filter>PlayScene\Development</Filter>
    </ClInclude>
    <ClInclude Include="Library\Shadow.h">
      <Filter>Library</Filter>
    </ClInclude>
    <ClInclude Include="Source\Sound.h" />
    <ClInclude Include="Source\PlayScene\Actor\Player\Camera.h">
      <Filter>PlayScene\Actor\Player</Filter>
    </ClInclude>
    <ClInclude Include="Source\PlayScene\Actor\Player\Player.h">
      <Filter>PlayScene\Actor\Player</Filter>
    </ClInclude>
    <ClInclude Include="Source\PlayScene\Actor\Gun\Effect.h">
      <Filter>PlayScene\Actor\Gun</Filter>
    </ClInclude>
    <ClInclude Include="Source\PlayScene\Actor\Gun\Gun.h">
      <Filter>PlayScene\Actor\Gun</Filter>
    </ClInclude>
    <ClInclude Include="Source\PlayScene\Actor\Enemy\Enemy.h">
      <Filter>PlayScene\Actor\Enemy</Filter>
    </ClInclude>
    <ClInclude Include="Source\PlayScene\Actor\Actor.h">
      <Filter>PlayScene\Actor</Filter>
    </ClInclude>
    <ClInclude Include="Library\Light.h">
      <Filter>Library</Filter>
    </ClInclude>
    <ClInclude Include="Source\PlayScene\GameMaster.h">
      <Filter>PlayScene</Filter>
    </ClInclude>
    <ClInclude Include="Source\PlayScene\Map\Area.h">
      <Filter>PlayScene\Map</Filter>
    </ClInclude>
    <ClInclude Include="Source\ResultScene\ResultScene.h">
      <Filter>ResultScene</Filter>
    </ClInclude>
    <ClInclude Include="Source\ResultScene\Observer.h">
      <Filter>ResultScene</Filter>
    </ClInclude>
    <ClInclude Include="Source\ResultScene\Result.h">
      <Filter>ResultScene</Filter>
    </ClInclude>
    <ClInclude Include="Source\PlayScene\Actor\HP.h">
      <Filter>PlayScene\Actor</Filter>
    </ClInclude>
    <ClInclude Include="Library\Object2D.h">
      <Filter>Library</Filter>
    </ClInclude>
    <ClInclude Include="Source\PlayScene\Map\DestructibleObject.h">
      <Filter>PlayScene\Map</Filter>
    </ClInclude>
    <ClInclude Include="Library\Animator.h">
      <Filter>Library</Filter>
    </ClInclude>
  </ItemGroup>
  <ItemGroup>
    <Filter Include="Library">
      <UniqueIdentifier>{208c2106-181f-415c-a2e8-fa160c7f8651}</UniqueIdentifier>
    </Filter>
    <Filter Include="BootScene">
      <UniqueIdentifier>{4e7a122b-01b5-4a1f-bdd8-381c4cb2403d}</UniqueIdentifier>
    </Filter>
    <Filter Include="TitleScene">
      <UniqueIdentifier>{a52f9c67-9c6c-4376-8f4c-07a10ecbc3db}</UniqueIdentifier>
    </Filter>
    <Filter Include="PlayScene">
      <UniqueIdentifier>{8123ada4-16d1-40da-a8f3-3f9e93aafb30}</UniqueIdentifier>
    </Filter>
    <Filter Include="PlayScene\Map">
      <UniqueIdentifier>{4e7a4392-3f03-48af-8e16-a640bc311a52}</UniqueIdentifier>
    </Filter>
    <Filter Include="PlayScene\Actor">
      <UniqueIdentifier>{29f00bea-33f2-481d-b2aa-829d0598fa2e}</UniqueIdentifier>
    </Filter>
    <Filter Include="PlayScene\Actor\Gun">
      <UniqueIdentifier>{b699be25-6f82-4771-97da-4e260190f9c2}</UniqueIdentifier>
    </Filter>
    <Filter Include="PlayScene\Actor\Enemy">
      <UniqueIdentifier>{cfe94efb-d98d-4653-a5ee-563cf54bfb3f}</UniqueIdentifier>
    </Filter>
    <Filter Include="PlayScene\Actor\Player">
      <UniqueIdentifier>{f51f801b-8e12-43f0-af93-e44b602ed436}</UniqueIdentifier>
    </Filter>
    <Filter Include="ResultScene">
      <UniqueIdentifier>{53c2a8f6-d760-4818-9e25-245498f2e1a4}</UniqueIdentifier>
    </Filter>
    <Filter Include="PlayScene\Development">
      <UniqueIdentifier>{358f7ce9-eed7-44c3-ae24-eb6785fc68bd}</UniqueIdentifier>
    </Filter>
  </ItemGroup>
</Project>